// !$*UTF8*$!
{
	archiveVersion = 1;
	classes = {
	};
	objectVersion = 54;
	objects = {

/* Begin PBXBuildFile section */
		170A24692CF63F7C00A9A1C5 /* HomeViewController.swift in Sources */ = {isa = PBXBuildFile; fileRef = 170A24682CF63F7C00A9A1C5 /* HomeViewController.swift */; };
		170A246B2CF6406A00A9A1C5 /* QuizViewController.swift in Sources */ = {isa = PBXBuildFile; fileRef = 170A246A2CF6406A00A9A1C5 /* QuizViewController.swift */; };
		17F419532CF45C2A0075CF9B /* TutorialViewController.swift in Sources */ = {isa = PBXBuildFile; fileRef = 17F419522CF45C2A0075CF9B /* TutorialViewController.swift */; };
		6B1E729E2D0EC7B500303C6C /* TutorialIntroViewController.swift in Sources */ = {isa = PBXBuildFile; fileRef = 6B1E729D2D0EC7AB00303C6C /* TutorialIntroViewController.swift */; };
		6B1E72BC2D0EEAFD00303C6C /* Seen.wav in Resources */ = {isa = PBXBuildFile; fileRef = 6B1E72B22D0EEAFD00303C6C /* Seen.wav */; };
		6B1E72BD2D0EEAFD00303C6C /* Hha.wav in Resources */ = {isa = PBXBuildFile; fileRef = 6B1E72A72D0EEAFD00303C6C /* Hha.wav */; };
		6B1E72BE2D0EEAFD00303C6C /* Noon.wav in Resources */ = {isa = PBXBuildFile; fileRef = 6B1E72AD2D0EEAFD00303C6C /* Noon.wav */; };
		6B1E72BF2D0EEAFD00303C6C /* Haa.wav in Resources */ = {isa = PBXBuildFile; fileRef = 6B1E72A62D0EEAFD00303C6C /* Haa.wav */; };
		6B1E72C02D0EEAFD00303C6C /* Ta.wav in Resources */ = {isa = PBXBuildFile; fileRef = 6B1E72B42D0EEAFD00303C6C /* Ta.wav */; };
		6B1E72C12D0EEAFD00303C6C /* Taj wao.wav in Resources */ = {isa = PBXBuildFile; fileRef = 6B1E72B62D0EEAFD00303C6C /* Taj wao.wav */; };
		6B1E72C22D0EEAFD00303C6C /* Kaif.wav in Resources */ = {isa = PBXBuildFile; fileRef = 6B1E72A92D0EEAFD00303C6C /* Kaif.wav */; };
		6B1E72C32D0EEAFD00303C6C /* Alif.wav in Resources */ = {isa = PBXBuildFile; fileRef = 6B1E72A02D0EEAFD00303C6C /* Alif.wav */; };
		6B1E72C42D0EEAFD00303C6C /* Qauf.wav in Resources */ = {isa = PBXBuildFile; fileRef = 6B1E72AE2D0EEAFD00303C6C /* Qauf.wav */; };
		6B1E72C52D0EEAFD00303C6C /* Taj Tua.wav in Resources */ = {isa = PBXBuildFile; fileRef = 6B1E72B52D0EEAFD00303C6C /* Taj Tua.wav */; };
		6B1E72C62D0EEAFD00303C6C /* Meem.wav in Resources */ = {isa = PBXBuildFile; fileRef = 6B1E72AC2D0EEAFD00303C6C /* Meem.wav */; };
		6B1E72C72D0EEAFD00303C6C /* Kha.wav in Resources */ = {isa = PBXBuildFile; fileRef = 6B1E72AA2D0EEAFD00303C6C /* Kha.wav */; };
		6B1E72C82D0EEAFD00303C6C /* Ba.wav in Resources */ = {isa = PBXBuildFile; fileRef = 6B1E72A12D0EEAFD00303C6C /* Ba.wav */; };
		6B1E72C92D0EEAFD00303C6C /* Sheen.wav in Resources */ = {isa = PBXBuildFile; fileRef = 6B1E72B32D0EEAFD00303C6C /* Sheen.wav */; };
		6B1E72CA2D0EEAFD00303C6C /* Taj Zaa.wav in Resources */ = {isa = PBXBuildFile; fileRef = 6B1E72B82D0EEAFD00303C6C /* Taj Zaa.wav */; };
		6B1E72CB2D0EEAFD00303C6C /* Taj Yaa.wav in Resources */ = {isa = PBXBuildFile; fileRef = 6B1E72B72D0EEAFD00303C6C /* Taj Yaa.wav */; };
		6B1E72CC2D0EEAFD00303C6C /* Dal.wav in Resources */ = {isa = PBXBuildFile; fileRef = 6B1E72A22D0EEAFD00303C6C /* Dal.wav */; };
		6B1E72CD2D0EEAFD00303C6C /* Raa.wav in Resources */ = {isa = PBXBuildFile; fileRef = 6B1E72AF2D0EEAFD00303C6C /* Raa.wav */; };
		6B1E72CE2D0EEAFD00303C6C /* Taj Zua.wav in Resources */ = {isa = PBXBuildFile; fileRef = 6B1E72BA2D0EEAFD00303C6C /* Taj Zua.wav */; };
		6B1E72CF2D0EEAFD00303C6C /* Faa.wav in Resources */ = {isa = PBXBuildFile; fileRef = 6B1E72A42D0EEAFD00303C6C /* Faa.wav */; };
		6B1E72D02D0EEAFD00303C6C /* Sa.wav in Resources */ = {isa = PBXBuildFile; fileRef = 6B1E72B02D0EEAFD00303C6C /* Sa.wav */; };
		6B1E72D12D0EEAFD00303C6C /* Laam.wav in Resources */ = {isa = PBXBuildFile; fileRef = 6B1E72AB2D0EEAFD00303C6C /* Laam.wav */; };
		6B1E72D22D0EEAFD00303C6C /* Jeem.wav in Resources */ = {isa = PBXBuildFile; fileRef = 6B1E72A82D0EEAFD00303C6C /* Jeem.wav */; };
		6B1E72D32D0EEAFD00303C6C /* Saud.wav in Resources */ = {isa = PBXBuildFile; fileRef = 6B1E72B12D0EEAFD00303C6C /* Saud.wav */; };
		6B1E72D42D0EEAFD00303C6C /* Taj Zhal.wav in Resources */ = {isa = PBXBuildFile; fileRef = 6B1E72B92D0EEAFD00303C6C /* Taj Zhal.wav */; };
		6B1E72D52D0EEAFD00303C6C /* Aain.wav in Resources */ = {isa = PBXBuildFile; fileRef = 6B1E729F2D0EEAFD00303C6C /* Aain.wav */; };
		6B1E72D62D0EEAFD00303C6C /* Ghain.wav in Resources */ = {isa = PBXBuildFile; fileRef = 6B1E72A52D0EEAFD00303C6C /* Ghain.wav */; };
		6B1E72D72D0EEAFD00303C6C /* Duad.wav in Resources */ = {isa = PBXBuildFile; fileRef = 6B1E72A32D0EEAFD00303C6C /* Duad.wav */; };
		B6022E672C108DB400E2CC70 /* MlaasModel.swift in Sources */ = {isa = PBXBuildFile; fileRef = B6022E662C108DB400E2CC70 /* MlaasModel.swift */; };
		B67483DB1ACA2D6800A9970E /* AppDelegate.swift in Sources */ = {isa = PBXBuildFile; fileRef = B67483DA1ACA2D6800A9970E /* AppDelegate.swift */; };
		B67483E01ACA2D6800A9970E /* Main.storyboard in Resources */ = {isa = PBXBuildFile; fileRef = B67483DE1ACA2D6800A9970E /* Main.storyboard */; };
		B67483E21ACA2D6800A9970E /* Images.xcassets in Resources */ = {isa = PBXBuildFile; fileRef = B67483E11ACA2D6800A9970E /* Images.xcassets */; };
		B67483E51ACA2D6800A9970E /* LaunchScreen.xib in Resources */ = {isa = PBXBuildFile; fileRef = B67483E31ACA2D6800A9970E /* LaunchScreen.xib */; };
		B694B01A1FA377E4009A4277 /* RingBuffer.swift in Sources */ = {isa = PBXBuildFile; fileRef = B694B0191FA377E4009A4277 /* RingBuffer.swift */; };
		C72BEECB2CF6E90F00E86F47 /* UIViewController+Extensions.swift in Sources */ = {isa = PBXBuildFile; fileRef = C72BEECA2CF6E90900E86F47 /* UIViewController+Extensions.swift */; };
/* End PBXBuildFile section */

/* Begin PBXFileReference section */
		170A24682CF63F7C00A9A1C5 /* HomeViewController.swift */ = {isa = PBXFileReference; lastKnownFileType = sourcecode.swift; path = HomeViewController.swift; sourceTree = "<group>"; };
		170A246A2CF6406A00A9A1C5 /* QuizViewController.swift */ = {isa = PBXFileReference; lastKnownFileType = sourcecode.swift; path = QuizViewController.swift; sourceTree = "<group>"; };
		17F419522CF45C2A0075CF9B /* TutorialViewController.swift */ = {isa = PBXFileReference; lastKnownFileType = sourcecode.swift; path = TutorialViewController.swift; sourceTree = "<group>"; };
		6B1E729D2D0EC7AB00303C6C /* TutorialIntroViewController.swift */ = {isa = PBXFileReference; lastKnownFileType = sourcecode.swift; path = TutorialIntroViewController.swift; sourceTree = "<group>"; };
		6B1E729F2D0EEAFD00303C6C /* Aain.wav */ = {isa = PBXFileReference; lastKnownFileType = audio.wav; path = Aain.wav; sourceTree = "<group>"; };
		6B1E72A02D0EEAFD00303C6C /* Alif.wav */ = {isa = PBXFileReference; lastKnownFileType = audio.wav; path = Alif.wav; sourceTree = "<group>"; };
		6B1E72A12D0EEAFD00303C6C /* Ba.wav */ = {isa = PBXFileReference; lastKnownFileType = audio.wav; path = Ba.wav; sourceTree = "<group>"; };
		6B1E72A22D0EEAFD00303C6C /* Dal.wav */ = {isa = PBXFileReference; lastKnownFileType = audio.wav; path = Dal.wav; sourceTree = "<group>"; };
		6B1E72A32D0EEAFD00303C6C /* Duad.wav */ = {isa = PBXFileReference; lastKnownFileType = audio.wav; path = Duad.wav; sourceTree = "<group>"; };
		6B1E72A42D0EEAFD00303C6C /* Faa.wav */ = {isa = PBXFileReference; lastKnownFileType = audio.wav; path = Faa.wav; sourceTree = "<group>"; };
		6B1E72A52D0EEAFD00303C6C /* Ghain.wav */ = {isa = PBXFileReference; lastKnownFileType = audio.wav; path = Ghain.wav; sourceTree = "<group>"; };
		6B1E72A62D0EEAFD00303C6C /* Haa.wav */ = {isa = PBXFileReference; lastKnownFileType = audio.wav; path = Haa.wav; sourceTree = "<group>"; };
		6B1E72A72D0EEAFD00303C6C /* Hha.wav */ = {isa = PBXFileReference; lastKnownFileType = audio.wav; path = Hha.wav; sourceTree = "<group>"; };
		6B1E72A82D0EEAFD00303C6C /* Jeem.wav */ = {isa = PBXFileReference; lastKnownFileType = audio.wav; path = Jeem.wav; sourceTree = "<group>"; };
		6B1E72A92D0EEAFD00303C6C /* Kaif.wav */ = {isa = PBXFileReference; lastKnownFileType = audio.wav; path = Kaif.wav; sourceTree = "<group>"; };
		6B1E72AA2D0EEAFD00303C6C /* Kha.wav */ = {isa = PBXFileReference; lastKnownFileType = audio.wav; path = Kha.wav; sourceTree = "<group>"; };
		6B1E72AB2D0EEAFD00303C6C /* Laam.wav */ = {isa = PBXFileReference; lastKnownFileType = audio.wav; path = Laam.wav; sourceTree = "<group>"; };
		6B1E72AC2D0EEAFD00303C6C /* Meem.wav */ = {isa = PBXFileReference; lastKnownFileType = audio.wav; path = Meem.wav; sourceTree = "<group>"; };
		6B1E72AD2D0EEAFD00303C6C /* Noon.wav */ = {isa = PBXFileReference; lastKnownFileType = audio.wav; path = Noon.wav; sourceTree = "<group>"; };
		6B1E72AE2D0EEAFD00303C6C /* Qauf.wav */ = {isa = PBXFileReference; lastKnownFileType = audio.wav; path = Qauf.wav; sourceTree = "<group>"; };
		6B1E72AF2D0EEAFD00303C6C /* Raa.wav */ = {isa = PBXFileReference; lastKnownFileType = audio.wav; path = Raa.wav; sourceTree = "<group>"; };
		6B1E72B02D0EEAFD00303C6C /* Sa.wav */ = {isa = PBXFileReference; lastKnownFileType = audio.wav; path = Sa.wav; sourceTree = "<group>"; };
		6B1E72B12D0EEAFD00303C6C /* Saud.wav */ = {isa = PBXFileReference; lastKnownFileType = audio.wav; path = Saud.wav; sourceTree = "<group>"; };
		6B1E72B22D0EEAFD00303C6C /* Seen.wav */ = {isa = PBXFileReference; lastKnownFileType = audio.wav; path = Seen.wav; sourceTree = "<group>"; };
		6B1E72B32D0EEAFD00303C6C /* Sheen.wav */ = {isa = PBXFileReference; lastKnownFileType = audio.wav; path = Sheen.wav; sourceTree = "<group>"; };
		6B1E72B42D0EEAFD00303C6C /* Ta.wav */ = {isa = PBXFileReference; lastKnownFileType = audio.wav; path = Ta.wav; sourceTree = "<group>"; };
		6B1E72B52D0EEAFD00303C6C /* Taj Tua.wav */ = {isa = PBXFileReference; lastKnownFileType = audio.wav; path = "Taj Tua.wav"; sourceTree = "<group>"; };
		6B1E72B62D0EEAFD00303C6C /* Taj wao.wav */ = {isa = PBXFileReference; lastKnownFileType = audio.wav; path = "Taj wao.wav"; sourceTree = "<group>"; };
		6B1E72B72D0EEAFD00303C6C /* Taj Yaa.wav */ = {isa = PBXFileReference; lastKnownFileType = audio.wav; path = "Taj Yaa.wav"; sourceTree = "<group>"; };
		6B1E72B82D0EEAFD00303C6C /* Taj Zaa.wav */ = {isa = PBXFileReference; lastKnownFileType = audio.wav; path = "Taj Zaa.wav"; sourceTree = "<group>"; };
		6B1E72B92D0EEAFD00303C6C /* Taj Zhal.wav */ = {isa = PBXFileReference; lastKnownFileType = audio.wav; path = "Taj Zhal.wav"; sourceTree = "<group>"; };
		6B1E72BA2D0EEAFD00303C6C /* Taj Zua.wav */ = {isa = PBXFileReference; lastKnownFileType = audio.wav; path = "Taj Zua.wav"; sourceTree = "<group>"; };
		B6022E662C108DB400E2CC70 /* MlaasModel.swift */ = {isa = PBXFileReference; lastKnownFileType = sourcecode.swift; path = MlaasModel.swift; sourceTree = "<group>"; };
		B67483D51ACA2D6800A9970E /* Lab5MLAS.app */ = {isa = PBXFileReference; explicitFileType = wrapper.application; includeInIndex = 0; path = Lab5MLAS.app; sourceTree = BUILT_PRODUCTS_DIR; };
		B67483D91ACA2D6800A9970E /* Info.plist */ = {isa = PBXFileReference; lastKnownFileType = text.plist.xml; path = Info.plist; sourceTree = "<group>"; };
		B67483DA1ACA2D6800A9970E /* AppDelegate.swift */ = {isa = PBXFileReference; lastKnownFileType = sourcecode.swift; path = AppDelegate.swift; sourceTree = "<group>"; };
		B67483DF1ACA2D6800A9970E /* Base */ = {isa = PBXFileReference; lastKnownFileType = file.storyboard; name = Base; path = Base.lproj/Main.storyboard; sourceTree = "<group>"; };
		B67483E11ACA2D6800A9970E /* Images.xcassets */ = {isa = PBXFileReference; lastKnownFileType = folder.assetcatalog; path = Images.xcassets; sourceTree = "<group>"; };
		B67483E41ACA2D6800A9970E /* Base */ = {isa = PBXFileReference; lastKnownFileType = file.xib; name = Base; path = Base.lproj/LaunchScreen.xib; sourceTree = "<group>"; };
		B694B0191FA377E4009A4277 /* RingBuffer.swift */ = {isa = PBXFileReference; lastKnownFileType = sourcecode.swift; path = RingBuffer.swift; sourceTree = "<group>"; };
		C72BEECA2CF6E90900E86F47 /* UIViewController+Extensions.swift */ = {isa = PBXFileReference; lastKnownFileType = sourcecode.swift; path = "UIViewController+Extensions.swift"; sourceTree = "<group>"; };
/* End PBXFileReference section */

/* Begin PBXFrameworksBuildPhase section */
		B67483D21ACA2D6800A9970E /* Frameworks */ = {
			isa = PBXFrameworksBuildPhase;
			buildActionMask = 2147483647;
			files = (
			);
			runOnlyForDeploymentPostprocessing = 0;
		};
/* End PBXFrameworksBuildPhase section */

/* Begin PBXGroup section */
		6B1E72BB2D0EEAFD00303C6C /* Letter Sounds */ = {
			isa = PBXGroup;
			children = (
				6B1E729F2D0EEAFD00303C6C /* Aain.wav */,
				6B1E72A02D0EEAFD00303C6C /* Alif.wav */,
				6B1E72A12D0EEAFD00303C6C /* Ba.wav */,
				6B1E72A22D0EEAFD00303C6C /* Dal.wav */,
				6B1E72A32D0EEAFD00303C6C /* Duad.wav */,
				6B1E72A42D0EEAFD00303C6C /* Faa.wav */,
				6B1E72A52D0EEAFD00303C6C /* Ghain.wav */,
				6B1E72A62D0EEAFD00303C6C /* Haa.wav */,
				6B1E72A72D0EEAFD00303C6C /* Hha.wav */,
				6B1E72A82D0EEAFD00303C6C /* Jeem.wav */,
				6B1E72A92D0EEAFD00303C6C /* Kaif.wav */,
				6B1E72AA2D0EEAFD00303C6C /* Kha.wav */,
				6B1E72AB2D0EEAFD00303C6C /* Laam.wav */,
				6B1E72AC2D0EEAFD00303C6C /* Meem.wav */,
				6B1E72AD2D0EEAFD00303C6C /* Noon.wav */,
				6B1E72AE2D0EEAFD00303C6C /* Qauf.wav */,
				6B1E72AF2D0EEAFD00303C6C /* Raa.wav */,
				6B1E72B02D0EEAFD00303C6C /* Sa.wav */,
				6B1E72B12D0EEAFD00303C6C /* Saud.wav */,
				6B1E72B22D0EEAFD00303C6C /* Seen.wav */,
				6B1E72B32D0EEAFD00303C6C /* Sheen.wav */,
				6B1E72B42D0EEAFD00303C6C /* Ta.wav */,
				6B1E72B52D0EEAFD00303C6C /* Taj Tua.wav */,
				6B1E72B62D0EEAFD00303C6C /* Taj wao.wav */,
				6B1E72B72D0EEAFD00303C6C /* Taj Yaa.wav */,
				6B1E72B82D0EEAFD00303C6C /* Taj Zaa.wav */,
				6B1E72B92D0EEAFD00303C6C /* Taj Zhal.wav */,
				6B1E72BA2D0EEAFD00303C6C /* Taj Zua.wav */,
			);
			path = "Letter Sounds";
			sourceTree = "<group>";
		};
		B67483CC1ACA2D6800A9970E = {
			isa = PBXGroup;
			children = (
				B67483D71ACA2D6800A9970E /* Lab5MLAS */,
				B67483D61ACA2D6800A9970E /* Products */,
			);
			sourceTree = "<group>";
		};
		B67483D61ACA2D6800A9970E /* Products */ = {
			isa = PBXGroup;
			children = (
				B67483D51ACA2D6800A9970E /* Lab5MLAS.app */,
			);
			name = Products;
			sourceTree = "<group>";
		};
		B67483D71ACA2D6800A9970E /* Lab5MLAS */ = {
			isa = PBXGroup;
			children = (
				B67483DA1ACA2D6800A9970E /* AppDelegate.swift */,
				B6022E662C108DB400E2CC70 /* MlaasModel.swift */,
				B694B0191FA377E4009A4277 /* RingBuffer.swift */,
				B67483DE1ACA2D6800A9970E /* Main.storyboard */,
				170A246A2CF6406A00A9A1C5 /* QuizViewController.swift */,
				170A24682CF63F7C00A9A1C5 /* HomeViewController.swift */,
				17F419522CF45C2A0075CF9B /* TutorialViewController.swift */,
				6B1E729D2D0EC7AB00303C6C /* TutorialIntroViewController.swift */,
				C72BEECA2CF6E90900E86F47 /* UIViewController+Extensions.swift */,
				B67483E11ACA2D6800A9970E /* Images.xcassets */,
				B67483E31ACA2D6800A9970E /* LaunchScreen.xib */,
				B67483D81ACA2D6800A9970E /* Supporting Files */,
			);
			path = Lab5MLAS;
			sourceTree = "<group>";
		};
		B67483D81ACA2D6800A9970E /* Supporting Files */ = {
			isa = PBXGroup;
			children = (
				6B1E72BB2D0EEAFD00303C6C /* Letter Sounds */,
				B67483D91ACA2D6800A9970E /* Info.plist */,
			);
			name = "Supporting Files";
			sourceTree = "<group>";
		};
/* End PBXGroup section */

/* Begin PBXNativeTarget section */
		B67483D41ACA2D6800A9970E /* Lab5MLAS */ = {
			isa = PBXNativeTarget;
			buildConfigurationList = B67483F41ACA2D6800A9970E /* Build configuration list for PBXNativeTarget "Lab5MLAS" */;
			buildPhases = (
				B67483D11ACA2D6800A9970E /* Sources */,
				B67483D21ACA2D6800A9970E /* Frameworks */,
				B67483D31ACA2D6800A9970E /* Resources */,
			);
			buildRules = (
			);
			dependencies = (
			);
			name = Lab5MLAS;
			productName = HTTPSwiftExample;
			productReference = B67483D51ACA2D6800A9970E /* Lab5MLAS.app */;
			productType = "com.apple.product-type.application";
		};
/* End PBXNativeTarget section */

/* Begin PBXProject section */
		B67483CD1ACA2D6800A9970E /* Project object */ = {
			isa = PBXProject;
			attributes = {
				BuildIndependentTargetsInParallel = YES;
				LastUpgradeCheck = 1540;
				ORGANIZATIONNAME = "Eric Larson";
				TargetAttributes = {
					B67483D41ACA2D6800A9970E = {
						CreatedOnToolsVersion = 6.2;
						LastSwiftMigration = 1200;
					};
				};
			};
			buildConfigurationList = B67483D01ACA2D6800A9970E /* Build configuration list for PBXProject "Lab5MLAS" */;
			compatibilityVersion = "Xcode 3.2";
			developmentRegion = English;
			hasScannedForEncodings = 0;
			knownRegions = (
				English,
				en,
				Base,
			);
			mainGroup = B67483CC1ACA2D6800A9970E;
			productRefGroup = B67483D61ACA2D6800A9970E /* Products */;
			projectDirPath = "";
			projectRoot = "";
			targets = (
				B67483D41ACA2D6800A9970E /* Lab5MLAS */,
			);
		};
/* End PBXProject section */

/* Begin PBXResourcesBuildPhase section */
		B67483D31ACA2D6800A9970E /* Resources */ = {
			isa = PBXResourcesBuildPhase;
			buildActionMask = 2147483647;
			files = (
				B67483E01ACA2D6800A9970E /* Main.storyboard in Resources */,
				6B1E72BC2D0EEAFD00303C6C /* Seen.wav in Resources */,
				6B1E72BD2D0EEAFD00303C6C /* Hha.wav in Resources */,
				6B1E72BE2D0EEAFD00303C6C /* Noon.wav in Resources */,
				6B1E72BF2D0EEAFD00303C6C /* Haa.wav in Resources */,
				6B1E72C02D0EEAFD00303C6C /* Ta.wav in Resources */,
				6B1E72C12D0EEAFD00303C6C /* Taj wao.wav in Resources */,
				6B1E72C22D0EEAFD00303C6C /* Kaif.wav in Resources */,
				6B1E72C32D0EEAFD00303C6C /* Alif.wav in Resources */,
				6B1E72C42D0EEAFD00303C6C /* Qauf.wav in Resources */,
				6B1E72C52D0EEAFD00303C6C /* Taj Tua.wav in Resources */,
				6B1E72C62D0EEAFD00303C6C /* Meem.wav in Resources */,
				6B1E72C72D0EEAFD00303C6C /* Kha.wav in Resources */,
				6B1E72C82D0EEAFD00303C6C /* Ba.wav in Resources */,
				6B1E72C92D0EEAFD00303C6C /* Sheen.wav in Resources */,
				6B1E72CA2D0EEAFD00303C6C /* Taj Zaa.wav in Resources */,
				6B1E72CB2D0EEAFD00303C6C /* Taj Yaa.wav in Resources */,
				6B1E72CC2D0EEAFD00303C6C /* Dal.wav in Resources */,
				6B1E72CD2D0EEAFD00303C6C /* Raa.wav in Resources */,
				6B1E72CE2D0EEAFD00303C6C /* Taj Zua.wav in Resources */,
				6B1E72CF2D0EEAFD00303C6C /* Faa.wav in Resources */,
				6B1E72D02D0EEAFD00303C6C /* Sa.wav in Resources */,
				6B1E72D12D0EEAFD00303C6C /* Laam.wav in Resources */,
				6B1E72D22D0EEAFD00303C6C /* Jeem.wav in Resources */,
				6B1E72D32D0EEAFD00303C6C /* Saud.wav in Resources */,
				6B1E72D42D0EEAFD00303C6C /* Taj Zhal.wav in Resources */,
				6B1E72D52D0EEAFD00303C6C /* Aain.wav in Resources */,
				6B1E72D62D0EEAFD00303C6C /* Ghain.wav in Resources */,
				6B1E72D72D0EEAFD00303C6C /* Duad.wav in Resources */,
				B67483E51ACA2D6800A9970E /* LaunchScreen.xib in Resources */,
				B67483E21ACA2D6800A9970E /* Images.xcassets in Resources */,
			);
			runOnlyForDeploymentPostprocessing = 0;
		};
/* End PBXResourcesBuildPhase section */

/* Begin PBXSourcesBuildPhase section */
		B67483D11ACA2D6800A9970E /* Sources */ = {
			isa = PBXSourcesBuildPhase;
			buildActionMask = 2147483647;
			files = (
				170A246B2CF6406A00A9A1C5 /* QuizViewController.swift in Sources */,
				6B1E729E2D0EC7B500303C6C /* TutorialIntroViewController.swift in Sources */,
				B67483DB1ACA2D6800A9970E /* AppDelegate.swift in Sources */,
				17F419532CF45C2A0075CF9B /* TutorialViewController.swift in Sources */,
				B6022E672C108DB400E2CC70 /* MlaasModel.swift in Sources */,
				C72BEECB2CF6E90F00E86F47 /* UIViewController+Extensions.swift in Sources */,
				B694B01A1FA377E4009A4277 /* RingBuffer.swift in Sources */,
				170A24692CF63F7C00A9A1C5 /* HomeViewController.swift in Sources */,
			);
			runOnlyForDeploymentPostprocessing = 0;
		};
/* End PBXSourcesBuildPhase section */

/* Begin PBXVariantGroup section */
		B67483DE1ACA2D6800A9970E /* Main.storyboard */ = {
			isa = PBXVariantGroup;
			children = (
				B67483DF1ACA2D6800A9970E /* Base */,
			);
			name = Main.storyboard;
			sourceTree = "<group>";
		};
		B67483E31ACA2D6800A9970E /* LaunchScreen.xib */ = {
			isa = PBXVariantGroup;
			children = (
				B67483E41ACA2D6800A9970E /* Base */,
			);
			name = LaunchScreen.xib;
			sourceTree = "<group>";
		};
/* End PBXVariantGroup section */

/* Begin XCBuildConfiguration section */
		B67483F21ACA2D6800A9970E /* Debug */ = {
			isa = XCBuildConfiguration;
			buildSettings = {
				ALWAYS_SEARCH_USER_PATHS = NO;
				CLANG_ANALYZER_LOCALIZABILITY_NONLOCALIZED = YES;
				CLANG_CXX_LANGUAGE_STANDARD = "gnu++0x";
				CLANG_CXX_LIBRARY = "libc++";
				CLANG_ENABLE_MODULES = YES;
				CLANG_ENABLE_OBJC_ARC = YES;
				CLANG_WARN_BLOCK_CAPTURE_AUTORELEASING = YES;
				CLANG_WARN_BOOL_CONVERSION = YES;
				CLANG_WARN_COMMA = YES;
				CLANG_WARN_CONSTANT_CONVERSION = YES;
				CLANG_WARN_DEPRECATED_OBJC_IMPLEMENTATIONS = YES;
				CLANG_WARN_DIRECT_OBJC_ISA_USAGE = YES_ERROR;
				CLANG_WARN_EMPTY_BODY = YES;
				CLANG_WARN_ENUM_CONVERSION = YES;
				CLANG_WARN_INFINITE_RECURSION = YES;
				CLANG_WARN_INT_CONVERSION = YES;
				CLANG_WARN_NON_LITERAL_NULL_CONVERSION = YES;
				CLANG_WARN_OBJC_IMPLICIT_RETAIN_SELF = YES;
				CLANG_WARN_OBJC_LITERAL_CONVERSION = YES;
				CLANG_WARN_OBJC_ROOT_CLASS = YES_ERROR;
				CLANG_WARN_QUOTED_INCLUDE_IN_FRAMEWORK_HEADER = YES;
				CLANG_WARN_RANGE_LOOP_ANALYSIS = YES;
				CLANG_WARN_STRICT_PROTOTYPES = YES;
				CLANG_WARN_SUSPICIOUS_MOVE = YES;
				CLANG_WARN_UNREACHABLE_CODE = YES;
				CLANG_WARN__DUPLICATE_METHOD_MATCH = YES;
				"CODE_SIGN_IDENTITY[sdk=iphoneos*]" = "iPhone Developer";
				COPY_PHASE_STRIP = NO;
				ENABLE_STRICT_OBJC_MSGSEND = YES;
				ENABLE_TESTABILITY = YES;
				ENABLE_USER_SCRIPT_SANDBOXING = YES;
				GCC_C_LANGUAGE_STANDARD = gnu99;
				GCC_DYNAMIC_NO_PIC = NO;
				GCC_NO_COMMON_BLOCKS = YES;
				GCC_OPTIMIZATION_LEVEL = 0;
				GCC_PREPROCESSOR_DEFINITIONS = (
					"DEBUG=1",
					"$(inherited)",
				);
				GCC_SYMBOLS_PRIVATE_EXTERN = NO;
				GCC_WARN_64_TO_32_BIT_CONVERSION = YES;
				GCC_WARN_ABOUT_RETURN_TYPE = YES_ERROR;
				GCC_WARN_UNDECLARED_SELECTOR = YES;
				GCC_WARN_UNINITIALIZED_AUTOS = YES_AGGRESSIVE;
				GCC_WARN_UNUSED_FUNCTION = YES;
				GCC_WARN_UNUSED_VARIABLE = YES;
				IPHONEOS_DEPLOYMENT_TARGET = 17.0;
				MTL_ENABLE_DEBUG_INFO = YES;
				ONLY_ACTIVE_ARCH = YES;
				SDKROOT = iphoneos;
				SWIFT_OPTIMIZATION_LEVEL = "-Onone";
			};
			name = Debug;
		};
		B67483F31ACA2D6800A9970E /* Release */ = {
			isa = XCBuildConfiguration;
			buildSettings = {
				ALWAYS_SEARCH_USER_PATHS = NO;
				CLANG_ANALYZER_LOCALIZABILITY_NONLOCALIZED = YES;
				CLANG_CXX_LANGUAGE_STANDARD = "gnu++0x";
				CLANG_CXX_LIBRARY = "libc++";
				CLANG_ENABLE_MODULES = YES;
				CLANG_ENABLE_OBJC_ARC = YES;
				CLANG_WARN_BLOCK_CAPTURE_AUTORELEASING = YES;
				CLANG_WARN_BOOL_CONVERSION = YES;
				CLANG_WARN_COMMA = YES;
				CLANG_WARN_CONSTANT_CONVERSION = YES;
				CLANG_WARN_DEPRECATED_OBJC_IMPLEMENTATIONS = YES;
				CLANG_WARN_DIRECT_OBJC_ISA_USAGE = YES_ERROR;
				CLANG_WARN_EMPTY_BODY = YES;
				CLANG_WARN_ENUM_CONVERSION = YES;
				CLANG_WARN_INFINITE_RECURSION = YES;
				CLANG_WARN_INT_CONVERSION = YES;
				CLANG_WARN_NON_LITERAL_NULL_CONVERSION = YES;
				CLANG_WARN_OBJC_IMPLICIT_RETAIN_SELF = YES;
				CLANG_WARN_OBJC_LITERAL_CONVERSION = YES;
				CLANG_WARN_OBJC_ROOT_CLASS = YES_ERROR;
				CLANG_WARN_QUOTED_INCLUDE_IN_FRAMEWORK_HEADER = YES;
				CLANG_WARN_RANGE_LOOP_ANALYSIS = YES;
				CLANG_WARN_STRICT_PROTOTYPES = YES;
				CLANG_WARN_SUSPICIOUS_MOVE = YES;
				CLANG_WARN_UNREACHABLE_CODE = YES;
				CLANG_WARN__DUPLICATE_METHOD_MATCH = YES;
				"CODE_SIGN_IDENTITY[sdk=iphoneos*]" = "iPhone Developer";
				COPY_PHASE_STRIP = NO;
				ENABLE_NS_ASSERTIONS = NO;
				ENABLE_STRICT_OBJC_MSGSEND = YES;
				ENABLE_USER_SCRIPT_SANDBOXING = YES;
				GCC_C_LANGUAGE_STANDARD = gnu99;
				GCC_NO_COMMON_BLOCKS = YES;
				GCC_WARN_64_TO_32_BIT_CONVERSION = YES;
				GCC_WARN_ABOUT_RETURN_TYPE = YES_ERROR;
				GCC_WARN_UNDECLARED_SELECTOR = YES;
				GCC_WARN_UNINITIALIZED_AUTOS = YES_AGGRESSIVE;
				GCC_WARN_UNUSED_FUNCTION = YES;
				GCC_WARN_UNUSED_VARIABLE = YES;
				IPHONEOS_DEPLOYMENT_TARGET = 17.0;
				MTL_ENABLE_DEBUG_INFO = NO;
				SDKROOT = iphoneos;
				SWIFT_COMPILATION_MODE = wholemodule;
				SWIFT_OPTIMIZATION_LEVEL = "-O";
				VALIDATE_PRODUCT = YES;
			};
			name = Release;
		};
		B67483F51ACA2D6800A9970E /* Debug */ = {
			isa = XCBuildConfiguration;
			buildSettings = {
				ASSETCATALOG_COMPILER_APPICON_NAME = AppIcon;
				DEVELOPMENT_TEAM = YM562F5AR5;
				INFOPLIST_FILE = Lab5MLAS/Info.plist;
				IPHONEOS_DEPLOYMENT_TARGET = 17.0;
				LD_RUNPATH_SEARCH_PATHS = (
					"$(inherited)",
					"@executable_path/Frameworks",
				);
				PRODUCT_BUNDLE_IDENTIFIER = shjdvbjhfsvbj;
				PRODUCT_NAME = "$(TARGET_NAME)";
				SWIFT_VERSION = 5.0;
			};
			name = Debug;
		};
		B67483F61ACA2D6800A9970E /* Release */ = {
			isa = XCBuildConfiguration;
			buildSettings = {
				ASSETCATALOG_COMPILER_APPICON_NAME = AppIcon;
				DEVELOPMENT_TEAM = YM562F5AR5;
				INFOPLIST_FILE = Lab5MLAS/Info.plist;
				IPHONEOS_DEPLOYMENT_TARGET = 17.0;
				LD_RUNPATH_SEARCH_PATHS = (
					"$(inherited)",
					"@executable_path/Frameworks",
				);
				PRODUCT_BUNDLE_IDENTIFIER = shjdvbjhfsvbj;
				PRODUCT_NAME = "$(TARGET_NAME)";
				SWIFT_VERSION = 5.0;
			};
			name = Release;
		};
/* End XCBuildConfiguration section */

/* Begin XCConfigurationList section */
		B67483D01ACA2D6800A9970E /* Build configuration list for PBXProject "Lab5MLAS" */ = {
			isa = XCConfigurationList;
			buildConfigurations = (
				B67483F21ACA2D6800A9970E /* Debug */,
				B67483F31ACA2D6800A9970E /* Release */,
			);
			defaultConfigurationIsVisible = 0;
			defaultConfigurationName = Release;
		};
		B67483F41ACA2D6800A9970E /* Build configuration list for PBXNativeTarget "Lab5MLAS" */ = {
			isa = XCConfigurationList;
			buildConfigurations = (
				B67483F51ACA2D6800A9970E /* Debug */,
				B67483F61ACA2D6800A9970E /* Release */,
			);
			defaultConfigurationIsVisible = 0;
			defaultConfigurationName = Release;
		};
/* End XCConfigurationList section */
	};
	rootObject = B67483CD1ACA2D6800A9970E /* Project object */;
}
